
Microsoft Visual Studio Solution File, Format Version 11.00
# Visual Basic Express 2010
Project("{F184B08F-C81C-45F6-A57F-5ABD9991F28F}") = "Keyboard Example", "Keyboard Example.vbproj", "{97377B88-1EDF-4822-A70A-AE1BB0372C17}"
EndProject
Global
	GlobalSection(SolutionConfigurationPlatforms) = preSolution
		Debug|x86 = Debug|x86
		Release|x86 = Release|x86
	EndGlobalSection
	GlobalSection(ProjectConfigurationPlatforms) = postSolution
		{97377B88-1EDF-4822-A70A-AE1BB0372C17}.Debug|x86.ActiveCfg = Debug|x86
		{97377B88-1EDF-4822-A70A-AE1BB0372C17}.Debug|x86.Build.0 = Debug|x86
		{97377B88-1EDF-4822-A70A-AE1BB0372C17}.Release|x86.ActiveCfg = Release|x86
		{97377B88-1EDF-4822-A70A-AE1BB0372C17}.Release|x86.Build.0 = Release|x86
	EndGlobalSection
	GlobalSection(SolutionProperties) = preSolution
		HideSolutionNode = FALSE
	EndGlobalSection
EndGlobal
