
Microsoft Visual Studio Solution File, Format Version 12.00
# Visual Studio Version 16
VisualStudioVersion = 16.0.30413.136
MinimumVisualStudioVersion = 10.0.40219.1
Project("{F184B08F-C81C-45F6-A57F-5ABD9991F28F}") = "Picture Viewer", "Picture Viewer.vbproj", "{1832E510-FC65-483F-B2D0-3DE2AA822172}"
EndProject
Global
	GlobalSection(SolutionConfigurationPlatforms) = preSolution
		Debug|Any CPU = Debug|Any CPU
		Release|Any CPU = Release|Any CPU
	EndGlobalSection
	GlobalSection(ProjectConfigurationPlatforms) = postSolution
		{1832E510-FC65-483F-B2D0-3DE2AA822172}.Debug|Any CPU.ActiveCfg = Debug|Any CPU
		{1832E510-FC65-483F-B2D0-3DE2AA822172}.Debug|Any CPU.Build.0 = Debug|Any CPU
		{1832E510-FC65-483F-B2D0-3DE2AA822172}.Release|Any CPU.ActiveCfg = Release|Any CPU
		{1832E510-FC65-483F-B2D0-3DE2AA822172}.Release|Any CPU.Build.0 = Release|Any CPU
	EndGlobalSection
	GlobalSection(SolutionProperties) = preSolution
		HideSolutionNode = FALSE
	EndGlobalSection
	GlobalSection(ExtensibilityGlobals) = postSolution
		SolutionGuid = {516AE227-A561-4D02-BD14-5E8F91F0812C}
	EndGlobalSection
EndGlobal
