
Microsoft Visual Studio Solution File, Format Version 11.00
# Visual Basic Express 2010
Project("{F184B08F-C81C-45F6-A57F-5ABD9991F28F}") = "Automate Excel", "Automate Excel.vbproj", "{8CDB5EAC-9171-4DA6-95B3-3D7D2DB2C747}"
EndProject
Global
	GlobalSection(SolutionConfigurationPlatforms) = preSolution
		Debug|x86 = Debug|x86
		Release|x86 = Release|x86
	EndGlobalSection
	GlobalSection(ProjectConfigurationPlatforms) = postSolution
		{8CDB5EAC-9171-4DA6-95B3-3D7D2DB2C747}.Debug|x86.ActiveCfg = Debug|x86
		{8CDB5EAC-9171-4DA6-95B3-3D7D2DB2C747}.Debug|x86.Build.0 = Debug|x86
		{8CDB5EAC-9171-4DA6-95B3-3D7D2DB2C747}.Release|x86.ActiveCfg = Release|x86
		{8CDB5EAC-9171-4DA6-95B3-3D7D2DB2C747}.Release|x86.Build.0 = Release|x86
	EndGlobalSection
	GlobalSection(SolutionProperties) = preSolution
		HideSolutionNode = FALSE
	EndGlobalSection
EndGlobal
