
Microsoft Visual Studio Solution File, Format Version 11.00
# Visual Basic Express 2010
Project("{F184B08F-C81C-45F6-A57F-5ABD9991F28F}") = "Timer Example", "Timer Example.vbproj", "{F734E287-D97C-4C93-B22F-96D72CD284A8}"
EndProject
Global
	GlobalSection(SolutionConfigurationPlatforms) = preSolution
		Debug|x86 = Debug|x86
		Release|x86 = Release|x86
	EndGlobalSection
	GlobalSection(ProjectConfigurationPlatforms) = postSolution
		{F734E287-D97C-4C93-B22F-96D72CD284A8}.Debug|x86.ActiveCfg = Debug|x86
		{F734E287-D97C-4C93-B22F-96D72CD284A8}.Debug|x86.Build.0 = Debug|x86
		{F734E287-D97C-4C93-B22F-96D72CD284A8}.Release|x86.ActiveCfg = Release|x86
		{F734E287-D97C-4C93-B22F-96D72CD284A8}.Release|x86.Build.0 = Release|x86
	EndGlobalSection
	GlobalSection(SolutionProperties) = preSolution
		HideSolutionNode = FALSE
	EndGlobalSection
EndGlobal
